{
  "name": "astra_plani_staking",
  "lockfileVersion": 2,
  "requires": true,
  "packages": {
    "": {
      "devDependencies": {
        "@influenceth/cairo-math-64x61": "^1.2.0"
      }
    },
    "node_modules/@influenceth/cairo-math-64x61": {
      "version": "1.2.0",
      "resolved": "https://registry.npmjs.org/@influenceth/cairo-math-64x61/-/cairo-math-64x61-1.2.0.tgz",
      "integrity": "sha512-LL+3mVqg1pIYxQVMxhqpgK4gEITS2odLSkeT/ZXAyI1tfw1y4bihj4gNf6P9VDT+UOKrqw4B2lAr47aFlcnH+g==",
      "dev": true
    }
  },
  "dependencies": {
    "@influenceth/cairo-math-64x61": {
      "version": "1.2.0",
      "resolved": "https://registry.npmjs.org/@influenceth/cairo-math-64x61/-/cairo-math-64x61-1.2.0.tgz",
      "integrity": "sha512-LL+3mVqg1pIYxQVMxhqpgK4gEITS2odLSkeT/ZXAyI1tfw1y4bihj4gNf6P9VDT+UOKrqw4B2lAr47aFlcnH+g==",
      "dev": true
    }
  }
}
